<?xml version="1.0" encoding="utf-8"?>
<Project ToolsVersion="4.0" xmlns="http://schemas.microsoft.com/developer/msbuild/2003">
  <ItemGroup>
    <Filter Include="DirectX">
      <UniqueIdentifier>{ee38abdd-2847-4abe-97cd-f74da35ea896}</UniqueIdentifier>
    </Filter>
    <Filter Include="DirectX\FrameBuffer">
      <UniqueIdentifier>{0e5e81c3-151f-44ff-9e46-ca437f5e188f}</UniqueIdentifier>
    </Filter>
    <Filter Include="DirectX\Buffers">
      <UniqueIdentifier>{9adff1a8-578b-443b-aab5-ff8fcafc7f7c}</UniqueIdentifier>
    </Filter>
    <Filter Include="DirectX\RenderState">
      <UniqueIdentifier>{cb8a25d2-ba67-4e68-abe4-f229600eaa49}</UniqueIdentifier>
    </Filter>
    <Filter Include="DirectX\Shader">
      <UniqueIdentifier>{1693f430-0417-4015-8807-3c532313062a}</UniqueIdentifier>
    </Filter>
    <Filter Include="DirectX\Texture">
      <UniqueIdentifier>{b2a082e9-c170-42b9-b5aa-199fb4927c4e}</UniqueIdentifier>
    </Filter>
    <Filter Include="DirectX\Utils">
      <UniqueIdentifier>{b276f1e0-a397-4915-88f4-04b858c8e7ff}</UniqueIdentifier>
    </Filter>
    <Filter Include="DirectX\InputLayout">
      <UniqueIdentifier>{95c5acdf-7cbd-4e31-92b6-ec95fcdb5729}</UniqueIdentifier>
    </Filter>
    <Filter Include="Utils">
      <UniqueIdentifier>{b29488c3-3166-4d97-a6fe-2c8bae63e9d2}</UniqueIdentifier>
    </Filter>
    <Filter Include="Utils\Snapshot">
      <UniqueIdentifier>{d8d5d394-1943-455d-aad9-129e86c4b297}</UniqueIdentifier>
    </Filter>
    <Filter Include="Utils\Raycast">
      <UniqueIdentifier>{9c3f5b61-66af-4a17-a1fb-5a0ac7234741}</UniqueIdentifier>
    </Filter>
    <Filter Include="Draw2D">
      <UniqueIdentifier>{38b36db8-09aa-4024-bb2e-9d555b174152}</UniqueIdentifier>
    </Filter>
    <Filter Include="Global">
      <UniqueIdentifier>{046484a4-456c-437c-a711-93ebaffdeba2}</UniqueIdentifier>
    </Filter>
    <Filter Include="Gui">
      <UniqueIdentifier>{3000170c-f646-44b0-b75f-1e2240264708}</UniqueIdentifier>
    </Filter>
    <Filter Include="Mesh/Material">
      <UniqueIdentifier>{8f476673-fe22-429f-a800-0a19e7f0ee92}</UniqueIdentifier>
    </Filter>
    <Filter Include="Pipeline">
      <UniqueIdentifier>{122212a8-7316-458f-b4e0-9d842786739a}</UniqueIdentifier>
    </Filter>
    <Filter Include="Pipeline\Base">
      <UniqueIdentifier>{a427795a-9c1b-4817-a1ed-f1d23ca9049a}</UniqueIdentifier>
    </Filter>
    <Filter Include="PostProcess">
      <UniqueIdentifier>{010affd7-d431-4986-b70f-e028ba943721}</UniqueIdentifier>
    </Filter>
    <Filter Include="PostProcess\ImageFilter">
      <UniqueIdentifier>{88ae6e66-1156-490b-9a7e-add616f1ce31}</UniqueIdentifier>
    </Filter>
    <Filter Include="PostProcess\ImageFilter\Base">
      <UniqueIdentifier>{5158b27a-77a7-4305-ad0b-6dd0b8491f85}</UniqueIdentifier>
    </Filter>
    <Filter Include="Shader">
      <UniqueIdentifier>{2761f112-83d4-43a9-b9b5-3d8ecbce22fc}</UniqueIdentifier>
    </Filter>
    <Filter Include="Shader\HLSL">
      <UniqueIdentifier>{c5e391c1-9729-46f9-996a-a2ee22f481ec}</UniqueIdentifier>
    </Filter>
    <Filter Include="Shader\HLSL\Mask">
      <UniqueIdentifier>{21d24431-4860-4ec6-81a0-9532699613e1}</UniqueIdentifier>
    </Filter>
    <Filter Include="Shader\HLSL\Common">
      <UniqueIdentifier>{3bcb15b6-1781-4614-a6b2-f041f40f8c0d}</UniqueIdentifier>
    </Filter>
    <Filter Include="Shader\HLSL\PBR">
      <UniqueIdentifier>{ee335e11-6d9a-4068-8704-f5aed0569f61}</UniqueIdentifier>
    </Filter>
    <Filter Include="Shader\HLSL\PostProcess">
      <UniqueIdentifier>{20ef81aa-e7d7-4dd2-9875-8207d2d82bd9}</UniqueIdentifier>
    </Filter>
    <Filter Include="Shader\HLSL\Shadow">
      <UniqueIdentifier>{2246ecf5-0e82-4278-ae5a-e2f60fbd0965}</UniqueIdentifier>
    </Filter>
    <Filter Include="Shader\HLSL\Skybox">
      <UniqueIdentifier>{3fbc4d1d-97fe-4cd4-9bf8-90ab11278de3}</UniqueIdentifier>
    </Filter>
    <Filter Include="Base">
      <UniqueIdentifier>{6b2a965a-bb44-4d01-a025-461fbb638f8b}</UniqueIdentifier>
    </Filter>
    <Filter Include="Pass %28Regacy%29">
      <UniqueIdentifier>{30b447d4-79d6-4b34-98ad-65e372134a0e}</UniqueIdentifier>
    </Filter>
    <Filter Include="Shader\HLSL\Debug">
      <UniqueIdentifier>{68ae6ed6-58aa-4e46-885f-2f9ec6119484}</UniqueIdentifier>
    </Filter>
    <Filter Include="DirectX\Core">
      <UniqueIdentifier>{8076fccc-2742-4c80-bb16-ad3ae0df9354}</UniqueIdentifier>
    </Filter>
    <Filter Include="Header">
      <UniqueIdentifier>{1f016b3d-7f64-4474-ae88-b70a28cf7fba}</UniqueIdentifier>
    </Filter>
  </ItemGroup>
  <ItemGroup>
    <ClCompile Include="src\BasicPipeline.cpp">
      <Filter>Pipeline\Base</Filter>
    </ClCompile>
    <ClCompile Include="src\BlurDownFilter.cpp">
      <Filter>PostProcess\ImageFilter</Filter>
    </ClCompile>
    <ClCompile Include="src\BlurUpFilter.cpp">
      <Filter>PostProcess\ImageFilter</Filter>
    </ClCompile>
    <ClCompile Include="src\Buffers.cpp">
      <Filter>DirectX\Buffers</Filter>
    </ClCompile>
    <ClCompile Include="src\CombineFilter.cpp">
      <Filter>PostProcess\ImageFilter</Filter>
    </ClCompile>
    <ClCompile Include="src\CrabPass.cpp">
      <Filter>Pass %28Regacy%29</Filter>
    </ClCompile>
    <ClCompile Include="src\CrabVertex.cpp">
      <Filter>DirectX\Utils</Filter>
    </ClCompile>
    <ClCompile Include="src\D3D11Utils.cpp">
      <Filter>DirectX\Utils</Filter>
    </ClCompile>
    <ClCompile Include="src\DebugNormalPipeline.cpp">
      <Filter>Pipeline</Filter>
    </ClCompile>
    <ClCompile Include="src\DepthBuffer.cpp">
      <Filter>DirectX\FrameBuffer</Filter>
    </ClCompile>
    <ClCompile Include="src\Draw2D.cpp">
      <Filter>Draw2D</Filter>
    </ClCompile>
    <ClCompile Include="src\D3D11ErrorHandler.cpp">
      <Filter>Utils</Filter>
    </ClCompile>
    <ClCompile Include="src\GeometryFactory.cpp">
      <Filter>Mesh/Material</Filter>
    </ClCompile>
    <ClCompile Include="src\GlobalConstants.cpp">
      <Filter>Global</Filter>
    </ClCompile>
    <ClCompile Include="src\GlobalShader.cpp">
      <Filter>Global</Filter>
    </ClCompile>
    <ClCompile Include="src\GlobalState.cpp">
      <Filter>Global</Filter>
    </ClCompile>
    <ClCompile Include="src\ImageFilterBase.cpp">
      <Filter>PostProcess\ImageFilter\Base</Filter>
    </ClCompile>
    <ClCompile Include="src\ImguiGlue.cpp">
      <Filter>Gui</Filter>
    </ClCompile>
    <ClCompile Include="src\InputLayout.cpp">
      <Filter>DirectX\InputLayout</Filter>
    </ClCompile>
    <ClCompile Include="src\Material.cpp">
      <Filter>Mesh/Material</Filter>
    </ClCompile>
    <ClCompile Include="src\Mesh.cpp">
      <Filter>Mesh/Material</Filter>
    </ClCompile>
    <ClCompile Include="src\Model.cpp">
      <Filter>Mesh/Material</Filter>
    </ClCompile>
    <ClCompile Include="src\PBRGeometryPipeline.cpp">
      <Filter>Pipeline</Filter>
    </ClCompile>
    <ClCompile Include="src\PipelineBase.cpp">
      <Filter>Pipeline\Base</Filter>
    </ClCompile>
    <ClCompile Include="src\PostProcess.cpp">
      <Filter>PostProcess</Filter>
    </ClCompile>
    <ClCompile Include="src\RayCast.cpp">
      <Filter>Utils\Raycast</Filter>
    </ClCompile>
    <ClCompile Include="src\Renderer.cpp">
      <Filter>DirectX\Core</Filter>
    </ClCompile>
    <ClCompile Include="src\RenderFactory.cpp">
      <Filter>Utils</Filter>
    </ClCompile>
    <ClCompile Include="src\RenderStates.cpp">
      <Filter>DirectX\RenderState</Filter>
    </ClCompile>
    <ClCompile Include="src\RenderTarget.cpp">
      <Filter>DirectX\FrameBuffer</Filter>
    </ClCompile>
    <ClCompile Include="src\SamplingFilter.cpp">
      <Filter>PostProcess\ImageFilter</Filter>
    </ClCompile>
    <ClCompile Include="src\ShaderResource.cpp">
      <Filter>DirectX\Texture</Filter>
    </ClCompile>
    <ClCompile Include="src\Shaders.cpp">
      <Filter>DirectX\Shader</Filter>
    </ClCompile>
    <ClCompile Include="src\SkyboxPipeline.cpp">
      <Filter>Pipeline</Filter>
    </ClCompile>
    <ClCompile Include="src\Snapshot.cpp">
      <Filter>Utils\Snapshot</Filter>
    </ClCompile>
    <ClCompile Include="src\SwapChain.cpp">
      <Filter>DirectX\Core</Filter>
    </ClCompile>
    <ClCompile Include="src\TextureLoader.cpp">
      <Filter>DirectX\Utils</Filter>
    </ClCompile>
    <ClCompile Include="src\Viewport.cpp">
      <Filter>DirectX\FrameBuffer</Filter>
    </ClCompile>
    <ClCompile Include="src\ToneMapFilter.cpp">
      <Filter>PostProcess\ImageFilter</Filter>
    </ClCompile>
    <ClCompile Include="src\InternalPCH.cpp">
      <Filter>Base</Filter>
    </ClCompile>
    <ClCompile Include="src\FrameBuffer.cpp">
      <Filter>DirectX\FrameBuffer</Filter>
    </ClCompile>
    <ClCompile Include="src\RenderResourceIDGenerator.cpp">
      <Filter>Utils</Filter>
    </ClCompile>
  </ItemGroup>
  <ItemGroup>
    <ClInclude Include="inc\BasicPipeline.h">
      <Filter>Pipeline\Base</Filter>
    </ClInclude>
    <ClInclude Include="inc\BlurDownFilter.h">
      <Filter>PostProcess\ImageFilter</Filter>
    </ClInclude>
    <ClInclude Include="inc\BlurUpFilter.h">
      <Filter>PostProcess\ImageFilter</Filter>
    </ClInclude>
    <ClInclude Include="inc\Buffers.h">
      <Filter>DirectX\Buffers</Filter>
    </ClInclude>
    <ClInclude Include="inc\CombineFilter.h">
      <Filter>PostProcess\ImageFilter</Filter>
    </ClInclude>
    <ClInclude Include="inc\CrabPass.h">
      <Filter>Pass %28Regacy%29</Filter>
    </ClInclude>
    <ClInclude Include="inc\CrabVertex.h">
      <Filter>DirectX\Utils</Filter>
    </ClInclude>
    <ClInclude Include="inc\D3D11Utils.h">
      <Filter>DirectX\Utils</Filter>
    </ClInclude>
    <ClInclude Include="inc\DebugNormalPipeline.h">
      <Filter>Pipeline</Filter>
    </ClInclude>
    <ClInclude Include="inc\DepthBuffer.h">
      <Filter>DirectX\FrameBuffer</Filter>
    </ClInclude>
    <ClInclude Include="inc\Draw2D.h">
      <Filter>Draw2D</Filter>
    </ClInclude>
    <ClInclude Include="inc\D3D11ErrorHandler.h">
      <Filter>Utils</Filter>
    </ClInclude>
    <ClInclude Include="inc\GeometryFactory.h">
      <Filter>Mesh/Material</Filter>
    </ClInclude>
    <ClInclude Include="inc\GlobalConstants.h">
      <Filter>Global</Filter>
    </ClInclude>
    <ClInclude Include="inc\GlobalShader.h">
      <Filter>Global</Filter>
    </ClInclude>
    <ClInclude Include="inc\GlobalState.h">
      <Filter>Global</Filter>
    </ClInclude>
    <ClInclude Include="inc\ImageFilterBase.h">
      <Filter>PostProcess\ImageFilter\Base</Filter>
    </ClInclude>
    <ClInclude Include="inc\ImguiGlue.h">
      <Filter>Gui</Filter>
    </ClInclude>
    <ClInclude Include="inc\InputLayout.h">
      <Filter>DirectX\InputLayout</Filter>
    </ClInclude>
    <ClInclude Include="inc\Material.h">
      <Filter>Mesh/Material</Filter>
    </ClInclude>
    <ClInclude Include="inc\Mesh.h">
      <Filter>Mesh/Material</Filter>
    </ClInclude>
    <ClInclude Include="inc\Model.h">
      <Filter>Mesh/Material</Filter>
    </ClInclude>
    <ClInclude Include="inc\PBRGeometryPass.h">
      <Filter>Pass %28Regacy%29</Filter>
    </ClInclude>
    <ClInclude Include="inc\PBRGeometryPipeline.h">
      <Filter>Pipeline</Filter>
    </ClInclude>
    <ClInclude Include="inc\PBRLightingPass.h">
      <Filter>Pass %28Regacy%29</Filter>
    </ClInclude>
    <ClInclude Include="inc\PBRPassBase.h">
      <Filter>Pass %28Regacy%29</Filter>
    </ClInclude>
    <ClInclude Include="inc\PipelineBase.h">
      <Filter>Pipeline\Base</Filter>
    </ClInclude>
    <ClInclude Include="inc\PostProcess.h">
      <Filter>PostProcess</Filter>
    </ClInclude>
    <ClInclude Include="inc\RayCast.h">
      <Filter>Utils\Raycast</Filter>
    </ClInclude>
    <ClInclude Include="inc\RenderDefinition.h">
      <Filter>Utils</Filter>
    </ClInclude>
    <ClInclude Include="inc\Renderer.h">
      <Filter>DirectX\Core</Filter>
    </ClInclude>
    <ClInclude Include="inc\RendererConfig.h">
      <Filter>Utils</Filter>
    </ClInclude>
    <ClInclude Include="inc\RenderFactory.h">
      <Filter>Utils</Filter>
    </ClInclude>
    <ClInclude Include="inc\RenderResourceNodes.h">
      <Filter>Utils</Filter>
    </ClInclude>
    <ClInclude Include="inc\RenderStates.h">
      <Filter>DirectX\RenderState</Filter>
    </ClInclude>
    <ClInclude Include="inc\RenderTarget.h">
      <Filter>DirectX\FrameBuffer</Filter>
    </ClInclude>
    <ClInclude Include="inc\SamplingFilter.h">
      <Filter>PostProcess\ImageFilter</Filter>
    </ClInclude>
    <ClInclude Include="inc\ShaderResource.h">
      <Filter>DirectX\Texture</Filter>
    </ClInclude>
    <ClInclude Include="inc\Shaders.h">
      <Filter>DirectX\Shader</Filter>
    </ClInclude>
    <ClInclude Include="inc\ShaderSharedData.h">
      <Filter>Shader</Filter>
    </ClInclude>
    <ClInclude Include="inc\SkyboxPipeline.h">
      <Filter>Pipeline</Filter>
    </ClInclude>
    <ClInclude Include="inc\Snapshot.h">
      <Filter>Utils\Snapshot</Filter>
    </ClInclude>
    <ClInclude Include="inc\SwapChain.h">
      <Filter>DirectX\Core</Filter>
    </ClInclude>
    <ClInclude Include="inc\TextureLoader.h">
      <Filter>DirectX\Utils</Filter>
    </ClInclude>
    <ClInclude Include="inc\Viewport.h">
      <Filter>DirectX\FrameBuffer</Filter>
    </ClInclude>
    <ClInclude Include="inc\ToneMapFilter.h">
      <Filter>PostProcess\ImageFilter</Filter>
    </ClInclude>
    <ClInclude Include="inc\InternalPCH.h">
      <Filter>Base</Filter>
    </ClInclude>
    <ClInclude Include="CrabRenderer.h">
      <Filter>Header</Filter>
    </ClInclude>
    <ClInclude Include="inc\FrameBuffer.h">
      <Filter>DirectX\FrameBuffer</Filter>
    </ClInclude>
    <ClInclude Include="inc\RenderResourceIDGenerator.h">
      <Filter>Utils</Filter>
    </ClInclude>
  </ItemGroup>
  <ItemGroup>
    <None Include="src\.clang-format">
      <Filter>Base</Filter>
    </None>
    <None Include="Shaders\HLSL\ShaderCommon.hlsli">
      <Filter>Shader\HLSL\Common</Filter>
    </None>
    <None Include="Shaders\HLSL\PostProcessCommon.hlsli">
      <Filter>Shader\HLSL\PostProcess</Filter>
    </None>
    <None Include="Shaders\HLSL\PBRCommon.hlsli">
      <Filter>Shader\HLSL\PBR</Filter>
    </None>
    <None Include=".clang-format">
      <Filter>Base</Filter>
    </None>
  </ItemGroup>
  <ItemGroup>
    <FxCompile Include="Shaders\HLSL\ToneMapPS.hlsl">
      <Filter>Shader\HLSL\PostProcess</Filter>
    </FxCompile>
    <FxCompile Include="Shaders\HLSL\StencilMaskShader.hlsl">
      <Filter>Shader\HLSL\Mask</Filter>
    </FxCompile>
    <FxCompile Include="Shaders\HLSL\SkyboxShader.hlsl">
      <Filter>Shader\HLSL\Skybox</Filter>
    </FxCompile>
    <FxCompile Include="Shaders\HLSL\ShaderCastShader.hlsl">
      <Filter>Shader\HLSL\Shadow</Filter>
    </FxCompile>
    <FxCompile Include="Shaders\HLSL\SamplingPS.hlsl">
      <Filter>Shader\HLSL\PostProcess</Filter>
    </FxCompile>
    <FxCompile Include="Shaders\HLSL\DebugNormalShader.hlsl">
      <Filter>Shader\HLSL\Debug</Filter>
    </FxCompile>
    <FxCompile Include="Shaders\HLSL\BlurCombinePS.hlsl">
      <Filter>Shader\HLSL\PostProcess</Filter>
    </FxCompile>
    <FxCompile Include="Shaders\HLSL\BlurDownPS.hlsl">
      <Filter>Shader\HLSL\PostProcess</Filter>
    </FxCompile>
    <FxCompile Include="Shaders\HLSL\BlurUpPS.hlsl">
      <Filter>Shader\HLSL\PostProcess</Filter>
    </FxCompile>
    <FxCompile Include="Shaders\HLSL\PostProcessVS.hlsl">
      <Filter>Shader\HLSL\PostProcess</Filter>
    </FxCompile>
    <FxCompile Include="Shaders\HLSL\PBRLightingShader.hlsl">
      <Filter>Shader\HLSL\PBR</Filter>
    </FxCompile>
    <FxCompile Include="Shaders\HLSL\PBRGeometryShader.hlsl">
      <Filter>Shader\HLSL\PBR</Filter>
    </FxCompile>
  </ItemGroup>
</Project>