<?xml version="1.0" encoding="utf-8"?>
<Project ToolsVersion="4.0" xmlns="http://schemas.microsoft.com/developer/msbuild/2003">
  <ItemGroup>
    <ClInclude Include="pch.h">
      <Filter>Base</Filter>
    </ClInclude>
    <ClInclude Include="GUIs.h">
      <Filter>GUI</Filter>
    </ClInclude>
    <ClInclude Include="DemoApp.h" />
    <ClInclude Include="CameraScript.h">
      <Filter>Script</Filter>
    </ClInclude>
    <ClInclude Include="VertexType.h">
      <Filter>Rendering\Vertex</Filter>
    </ClInclude>
    <ClInclude Include="GlobalShader.h">
      <Filter>Rendering\Global Library</Filter>
    </ClInclude>
    <ClInclude Include="GlobalRenderPass.h">
      <Filter>Rendering\Global Library</Filter>
    </ClInclude>
    <ClInclude Include="Constants.h">
      <Filter>Rendering\Constants</Filter>
    </ClInclude>
    <ClInclude Include="ImageFilterFactory.h">
      <Filter>Rendering\PostProcess</Filter>
    </ClInclude>
    <ClInclude Include="Components.h">
      <Filter>ECS</Filter>
    </ClInclude>
    <ClInclude Include="GlobalConstants.h">
      <Filter>Rendering\Global Library</Filter>
    </ClInclude>
    <ClInclude Include="enums.h">
      <Filter>Base</Filter>
    </ClInclude>
    <ClInclude Include="28. AnimationDemo.h">
      <Filter>Scene %28Demos%29</Filter>
    </ClInclude>
    <ClInclude Include="Tags.h">
      <Filter>ECS</Filter>
    </ClInclude>
  </ItemGroup>
  <ItemGroup>
    <ClCompile Include="pch.cpp">
      <Filter>Base</Filter>
    </ClCompile>
    <ClCompile Include="GUIs.cpp">
      <Filter>GUI</Filter>
    </ClCompile>
    <ClCompile Include="DemoApp.cpp" />
    <ClCompile Include="CameraScript.cpp">
      <Filter>Script</Filter>
    </ClCompile>
    <ClCompile Include="GlobalShader.cpp">
      <Filter>Rendering\Global Library</Filter>
    </ClCompile>
    <ClCompile Include="GlobalRenderPass.cpp">
      <Filter>Rendering\Global Library</Filter>
    </ClCompile>
    <ClCompile Include="ImageFilterFactory.cpp">
      <Filter>Rendering\PostProcess</Filter>
    </ClCompile>
    <ClCompile Include="Components.cpp">
      <Filter>ECS</Filter>
    </ClCompile>
    <ClCompile Include="GlobalConstants.cpp">
      <Filter>Rendering\Global Library</Filter>
    </ClCompile>
    <ClCompile Include="Constants.cpp">
      <Filter>Rendering\Constants</Filter>
    </ClCompile>
    <ClCompile Include="28. AnimationDemo.cpp">
      <Filter>Scene %28Demos%29</Filter>
    </ClCompile>
  </ItemGroup>
  <ItemGroup>
    <Filter Include="Base">
      <UniqueIdentifier>{6051d40d-e67b-49c7-804a-e0e91fbc2e6a}</UniqueIdentifier>
    </Filter>
    <Filter Include="Scene %28Demos%29">
      <UniqueIdentifier>{224312f5-fcec-43f2-83e7-97e67a397fda}</UniqueIdentifier>
    </Filter>
    <Filter Include="GUI">
      <UniqueIdentifier>{32e3f33d-8da9-4ebc-8c78-50711f8c343a}</UniqueIdentifier>
    </Filter>
    <Filter Include="Script">
      <UniqueIdentifier>{b8fbd514-b597-4d09-ae77-cc363ca3fe55}</UniqueIdentifier>
    </Filter>
    <Filter Include="Rendering">
      <UniqueIdentifier>{1833c9fc-4537-47b3-a2be-b7a9bd2e6118}</UniqueIdentifier>
    </Filter>
    <Filter Include="Rendering\Vertex">
      <UniqueIdentifier>{be40b928-7f44-4567-a25c-c29c447940c1}</UniqueIdentifier>
    </Filter>
    <Filter Include="Rendering\Shaders">
      <UniqueIdentifier>{0ad2f9d5-d9de-42b9-afa5-e9b9ceae1566}</UniqueIdentifier>
    </Filter>
    <Filter Include="Rendering\Constants">
      <UniqueIdentifier>{afa2ce38-d9e1-4f17-bae8-9b192534c035}</UniqueIdentifier>
    </Filter>
    <Filter Include="Rendering\Global Library">
      <UniqueIdentifier>{e42cfe9c-0144-40d2-ad33-f07dedf10429}</UniqueIdentifier>
    </Filter>
    <Filter Include="Rendering\PostProcess">
      <UniqueIdentifier>{4b514bd6-5ea6-4c4a-ab34-ad99a7297b1b}</UniqueIdentifier>
    </Filter>
    <Filter Include="ECS">
      <UniqueIdentifier>{57574cbb-4aa5-4e6c-a1bb-104d58e08ab7}</UniqueIdentifier>
    </Filter>
    <Filter Include="Rendering\Shaders\ComputeShader">
      <UniqueIdentifier>{be01f0d0-ebd0-4854-9f1e-ee848e2a03bf}</UniqueIdentifier>
    </Filter>
    <Filter Include="Rendering\Shaders\ComputeShader\FireParticle">
      <UniqueIdentifier>{308adba7-d932-4f75-a5d8-dbd961ca66c0}</UniqueIdentifier>
    </Filter>
    <Filter Include="Rendering\Shaders\ComputeShader\SPH">
      <UniqueIdentifier>{b2c3d372-f728-4541-9f8a-c7313a4cdfd2}</UniqueIdentifier>
    </Filter>
  </ItemGroup>
  <ItemGroup>
    <None Include=".clang-format">
      <Filter>Base</Filter>
    </None>
    <None Include="cpp.hint">
      <Filter>Base</Filter>
    </None>
    <None Include="sample.hlsli">
      <Filter>Base</Filter>
    </None>
    <None Include="Shaders\DrawNormalCommon.hlsli">
      <Filter>Rendering\Shaders</Filter>
    </None>
    <None Include="Shaders\PBRCommon.hlsli">
      <Filter>Rendering\Shaders</Filter>
    </None>
    <None Include="Shaders\PostProcessCommon.hlsli">
      <Filter>Rendering\Shaders</Filter>
    </None>
    <None Include="ParticleCommon.hlsli">
      <Filter>Rendering\Shaders\ComputeShader</Filter>
    </None>
    <None Include="FireParticleDemoCommon.hlsli">
      <Filter>Rendering\Shaders\ComputeShader\FireParticle</Filter>
    </None>
    <None Include="SPHCommon.hlsli">
      <Filter>Rendering\Shaders\ComputeShader\SPH</Filter>
    </None>
  </ItemGroup>
  <ItemGroup>
    <FxCompile Include="Shaders\DrawNormalGS.hlsl">
      <Filter>Rendering\Shaders</Filter>
    </FxCompile>
    <FxCompile Include="Shaders\DrawNormalPS.hlsl">
      <Filter>Rendering\Shaders</Filter>
    </FxCompile>
    <FxCompile Include="Shaders\DrawNormalVS.hlsl">
      <Filter>Rendering\Shaders</Filter>
    </FxCompile>
    <FxCompile Include="Shaders\PBRPS.hlsl">
      <Filter>Rendering\Shaders</Filter>
    </FxCompile>
    <FxCompile Include="Shaders\PBRVS.hlsl">
      <Filter>Rendering\Shaders</Filter>
    </FxCompile>
    <FxCompile Include="Shaders\PostProcessVS.hlsl">
      <Filter>Rendering\Shaders</Filter>
    </FxCompile>
    <FxCompile Include="Shaders\SamplingPS.hlsl">
      <Filter>Rendering\Shaders</Filter>
    </FxCompile>
    <FxCompile Include="Shaders\SkyboxPS.hlsl">
      <Filter>Rendering\Shaders</Filter>
    </FxCompile>
    <FxCompile Include="Shaders\SkyboxVS.hlsl">
      <Filter>Rendering\Shaders</Filter>
    </FxCompile>
    <FxCompile Include="Shaders\BlurDownPS.hlsl">
      <Filter>Rendering\Shaders</Filter>
    </FxCompile>
    <FxCompile Include="Shaders\BlurUpPS.hlsl">
      <Filter>Rendering\Shaders</Filter>
    </FxCompile>
    <FxCompile Include="Shaders\CombinePS.hlsl">
      <Filter>Rendering\Shaders</Filter>
    </FxCompile>
    <FxCompile Include="Shaders\ToneMapPS.hlsl">
      <Filter>Rendering\Shaders</Filter>
    </FxCompile>
    <FxCompile Include="Shaders\DepthOnlyPS.hlsl">
      <Filter>Rendering\Shaders</Filter>
    </FxCompile>
    <FxCompile Include="Shaders\DepthOnlyVS.hlsl">
      <Filter>Rendering\Shaders</Filter>
    </FxCompile>
    <FxCompile Include="Shaders\PostEffectPS.hlsl">
      <Filter>Rendering\Shaders</Filter>
    </FxCompile>
    <FxCompile Include="ComputeDemoCS.hlsl">
      <Filter>Rendering\Shaders\ComputeShader</Filter>
    </FxCompile>
    <FxCompile Include="ComputeDemoVS.hlsl">
      <Filter>Rendering\Shaders\ComputeShader</Filter>
    </FxCompile>
    <FxCompile Include="ComputeDemoPS.hlsl">
      <Filter>Rendering\Shaders\ComputeShader</Filter>
    </FxCompile>
    <FxCompile Include="CSBlurXCS.hlsl">
      <Filter>Rendering\Shaders\ComputeShader</Filter>
    </FxCompile>
    <FxCompile Include="CSBlurYCS.hlsl">
      <Filter>Rendering\Shaders\ComputeShader</Filter>
    </FxCompile>
    <FxCompile Include="SBDemoPS.hlsl">
      <Filter>Rendering\Shaders\ComputeShader</Filter>
    </FxCompile>
    <FxCompile Include="SBDemoVS.hlsl">
      <Filter>Rendering\Shaders\ComputeShader</Filter>
    </FxCompile>
    <FxCompile Include="SBDemoCS.hlsl">
      <Filter>Rendering\Shaders\ComputeShader</Filter>
    </FxCompile>
    <FxCompile Include="ParticleCS.hlsl">
      <Filter>Rendering\Shaders\ComputeShader</Filter>
    </FxCompile>
    <FxCompile Include="ParticleVS.hlsl">
      <Filter>Rendering\Shaders\ComputeShader</Filter>
    </FxCompile>
    <FxCompile Include="ParticlePS.hlsl">
      <Filter>Rendering\Shaders\ComputeShader</Filter>
    </FxCompile>
    <FxCompile Include="ParticleGS.hlsl">
      <Filter>Rendering\Shaders\ComputeShader</Filter>
    </FxCompile>
    <FxCompile Include="FireParticleDemoVS.hlsl">
      <Filter>Rendering\Shaders\ComputeShader\FireParticle</Filter>
    </FxCompile>
    <FxCompile Include="FireParticleDemoCS.hlsl">
      <Filter>Rendering\Shaders\ComputeShader\FireParticle</Filter>
    </FxCompile>
    <FxCompile Include="FireParticleDemoPS.hlsl">
      <Filter>Rendering\Shaders\ComputeShader\FireParticle</Filter>
    </FxCompile>
    <FxCompile Include="FireParticleDemoGS.hlsl">
      <Filter>Rendering\Shaders\ComputeShader\FireParticle</Filter>
    </FxCompile>
    <FxCompile Include="SPHVS.hlsl">
      <Filter>Rendering\Shaders\ComputeShader\SPH</Filter>
    </FxCompile>
    <FxCompile Include="SPHGS.hlsl">
      <Filter>Rendering\Shaders\ComputeShader\SPH</Filter>
    </FxCompile>
    <FxCompile Include="SPHPS.hlsl">
      <Filter>Rendering\Shaders\ComputeShader\SPH</Filter>
    </FxCompile>
    <FxCompile Include="SPHComputeDensityPressure.hlsl">
      <Filter>Rendering\Shaders\ComputeShader\SPH</Filter>
    </FxCompile>
    <FxCompile Include="SPHComputeForce.hlsl">
      <Filter>Rendering\Shaders\ComputeShader\SPH</Filter>
    </FxCompile>
    <FxCompile Include="SPHIntegrate.hlsl">
      <Filter>Rendering\Shaders\ComputeShader\SPH</Filter>
    </FxCompile>
  </ItemGroup>
</Project>