<?xml version="1.0" encoding="utf-8"?>
<Project ToolsVersion="4.0" xmlns="http://schemas.microsoft.com/developer/msbuild/2003">
  <ItemGroup>
    <ClInclude Include="pch.h">
      <Filter>Base</Filter>
    </ClInclude>
    <ClInclude Include="GUIs.h">
      <Filter>GUI</Filter>
    </ClInclude>
    <ClInclude Include="DemoApp.h" />
    <ClInclude Include="CameraScript.h">
      <Filter>Script</Filter>
    </ClInclude>
    <ClInclude Include="Components.h">
      <Filter>ECS</Filter>
    </ClInclude>
    <ClInclude Include="30. DemoScene.h">
      <Filter>Scene %28Demos%29</Filter>
    </ClInclude>
    <ClInclude Include="Scene3DBase.h">
      <Filter>Scene Base</Filter>
    </ClInclude>
  </ItemGroup>
  <ItemGroup>
    <ClCompile Include="pch.cpp">
      <Filter>Base</Filter>
    </ClCompile>
    <ClCompile Include="GUIs.cpp">
      <Filter>GUI</Filter>
    </ClCompile>
    <ClCompile Include="DemoApp.cpp" />
    <ClCompile Include="CameraScript.cpp">
      <Filter>Script</Filter>
    </ClCompile>
    <ClCompile Include="Components.cpp">
      <Filter>ECS</Filter>
    </ClCompile>
    <ClCompile Include="30. DemoScene.cpp">
      <Filter>Scene %28Demos%29</Filter>
    </ClCompile>
    <ClCompile Include="Scene3DBase.cpp">
      <Filter>Scene Base</Filter>
    </ClCompile>
  </ItemGroup>
  <ItemGroup>
    <Filter Include="Base">
      <UniqueIdentifier>{6051d40d-e67b-49c7-804a-e0e91fbc2e6a}</UniqueIdentifier>
    </Filter>
    <Filter Include="Scene %28Demos%29">
      <UniqueIdentifier>{224312f5-fcec-43f2-83e7-97e67a397fda}</UniqueIdentifier>
    </Filter>
    <Filter Include="GUI">
      <UniqueIdentifier>{32e3f33d-8da9-4ebc-8c78-50711f8c343a}</UniqueIdentifier>
    </Filter>
    <Filter Include="Script">
      <UniqueIdentifier>{b8fbd514-b597-4d09-ae77-cc363ca3fe55}</UniqueIdentifier>
    </Filter>
    <Filter Include="ECS">
      <UniqueIdentifier>{57574cbb-4aa5-4e6c-a1bb-104d58e08ab7}</UniqueIdentifier>
    </Filter>
    <Filter Include="Scene Base">
      <UniqueIdentifier>{51631945-9091-407c-ae99-89c6c0ef9890}</UniqueIdentifier>
    </Filter>
  </ItemGroup>
  <ItemGroup>
    <None Include=".clang-format">
      <Filter>Base</Filter>
    </None>
    <None Include="cpp.hint">
      <Filter>Base</Filter>
    </None>
    <None Include="sample.hlsli">
      <Filter>Base</Filter>
    </None>
  </ItemGroup>
</Project>